// !$*UTF8*$!
{
	archiveVersion = 1;
	classes = {
	};
	objectVersion = 50;
	objects = {

/* Begin PBXBuildFile section */
		D71F7E5F258582D400AF087A /* BullseyeApp.swift in Sources */ = {isa = PBXBuildFile; fileRef = D71F7E5E258582D400AF087A /* BullseyeApp.swift */; };
		D71F7E61258582D400AF087A /* ContentView.swift in Sources */ = {isa = PBXBuildFile; fileRef = D71F7E60258582D400AF087A /* ContentView.swift */; };
		D71F7E63258582D500AF087A /* Assets.xcassets in Resources */ = {isa = PBXBuildFile; fileRef = D71F7E62258582D500AF087A /* Assets.xcassets */; };
		D71F7E66258582D500AF087A /* Preview Assets.xcassets in Resources */ = {isa = PBXBuildFile; fileRef = D71F7E65258582D500AF087A /* Preview Assets.xcassets */; };
		D71F7E71258582D500AF087A /* BullseyeTests.swift in Sources */ = {isa = PBXBuildFile; fileRef = D71F7E70258582D500AF087A /* BullseyeTests.swift */; };
		D71F7E7C258582D500AF087A /* BullseyeUITests.swift in Sources */ = {isa = PBXBuildFile; fileRef = D71F7E7B258582D500AF087A /* BullseyeUITests.swift */; };
		D74CF3F32592A4C30016CB76 /* Shapes.swift in Sources */ = {isa = PBXBuildFile; fileRef = D74CF3F22592A4C30016CB76 /* Shapes.swift */; };
		D74CF3F82592AAAC0016CB76 /* RoundedViews.swift in Sources */ = {isa = PBXBuildFile; fileRef = D74CF3F72592AAAC0016CB76 /* RoundedViews.swift */; };
		D7B40C142590459000DA7A0F /* TextViews.swift in Sources */ = {isa = PBXBuildFile; fileRef = D7B40C132590459000DA7A0F /* TextViews.swift */; };
		D7CE9FD4258EA8C4004A44D4 /* Game.swift in Sources */ = {isa = PBXBuildFile; fileRef = D7CE9FD3258EA8C4004A44D4 /* Game.swift */; };
/* End PBXBuildFile section */

/* Begin PBXContainerItemProxy section */
		D71F7E6D258582D500AF087A /* PBXContainerItemProxy */ = {
			isa = PBXContainerItemProxy;
			containerPortal = D71F7E53258582D400AF087A /* Project object */;
			proxyType = 1;
			remoteGlobalIDString = D71F7E5A258582D400AF087A;
			remoteInfo = Bullseye;
		};
		D71F7E78258582D500AF087A /* PBXContainerItemProxy */ = {
			isa = PBXContainerItemProxy;
			containerPortal = D71F7E53258582D400AF087A /* Project object */;
			proxyType = 1;
			remoteGlobalIDString = D71F7E5A258582D400AF087A;
			remoteInfo = Bullseye;
		};
/* End PBXContainerItemProxy section */

/* Begin PBXFileReference section */
		D71F7E5B258582D400AF087A /* Bullseye.app */ = {isa = PBXFileReference; explicitFileType = wrapper.application; includeInIndex = 0; path = Bullseye.app; sourceTree = BUILT_PRODUCTS_DIR; };
		D71F7E5E258582D400AF087A /* BullseyeApp.swift */ = {isa = PBXFileReference; lastKnownFileType = sourcecode.swift; path = BullseyeApp.swift; sourceTree = "<group>"; };
		D71F7E60258582D400AF087A /* ContentView.swift */ = {isa = PBXFileReference; lastKnownFileType = sourcecode.swift; path = ContentView.swift; sourceTree = "<group>"; };
		D71F7E62258582D500AF087A /* Assets.xcassets */ = {isa = PBXFileReference; lastKnownFileType = folder.assetcatalog; path = Assets.xcassets; sourceTree = "<group>"; };
		D71F7E65258582D500AF087A /* Preview Assets.xcassets */ = {isa = PBXFileReference; lastKnownFileType = folder.assetcatalog; path = "Preview Assets.xcassets"; sourceTree = "<group>"; };
		D71F7E67258582D500AF087A /* Info.plist */ = {isa = PBXFileReference; lastKnownFileType = text.plist.xml; path = Info.plist; sourceTree = "<group>"; };
		D71F7E6C258582D500AF087A /* BullseyeTests.xctest */ = {isa = PBXFileReference; explicitFileType = wrapper.cfbundle; includeInIndex = 0; path = BullseyeTests.xctest; sourceTree = BUILT_PRODUCTS_DIR; };
		D71F7E70258582D500AF087A /* BullseyeTests.swift */ = {isa = PBXFileReference; lastKnownFileType = sourcecode.swift; path = BullseyeTests.swift; sourceTree = "<group>"; };
		D71F7E72258582D500AF087A /* Info.plist */ = {isa = PBXFileReference; lastKnownFileType = text.plist.xml; path = Info.plist; sourceTree = "<group>"; };
		D71F7E77258582D500AF087A /* BullseyeUITests.xctest */ = {isa = PBXFileReference; explicitFileType = wrapper.cfbundle; includeInIndex = 0; path = BullseyeUITests.xctest; sourceTree = BUILT_PRODUCTS_DIR; };
		D71F7E7B258582D500AF087A /* BullseyeUITests.swift */ = {isa = PBXFileReference; lastKnownFileType = sourcecode.swift; path = BullseyeUITests.swift; sourceTree = "<group>"; };
		D71F7E7D258582D500AF087A /* Info.plist */ = {isa = PBXFileReference; lastKnownFileType = text.plist.xml; path = Info.plist; sourceTree = "<group>"; };
		D74CF3F22592A4C30016CB76 /* Shapes.swift */ = {isa = PBXFileReference; lastKnownFileType = sourcecode.swift; path = Shapes.swift; sourceTree = "<group>"; };
		D74CF3F72592AAAC0016CB76 /* RoundedViews.swift */ = {isa = PBXFileReference; lastKnownFileType = sourcecode.swift; path = RoundedViews.swift; sourceTree = "<group>"; };
		D7B40C0C259036B100DA7A0F /* README.md */ = {isa = PBXFileReference; lastKnownFileType = net.daringfireball.markdown; path = README.md; sourceTree = "<group>"; };
		D7B40C132590459000DA7A0F /* TextViews.swift */ = {isa = PBXFileReference; lastKnownFileType = sourcecode.swift; path = TextViews.swift; sourceTree = "<group>"; };
		D7CE9FD3258EA8C4004A44D4 /* Game.swift */ = {isa = PBXFileReference; lastKnownFileType = sourcecode.swift; path = Game.swift; sourceTree = "<group>"; };
/* End PBXFileReference section */

/* Begin PBXFrameworksBuildPhase section */
		D71F7E58258582D400AF087A /* Frameworks */ = {
			isa = PBXFrameworksBuildPhase;
			buildActionMask = 2147483647;
			files = (
			);
			runOnlyForDeploymentPostprocessing = 0;
		};
		D71F7E69258582D500AF087A /* Frameworks */ = {
			isa = PBXFrameworksBuildPhase;
			buildActionMask = 2147483647;
			files = (
			);
			runOnlyForDeploymentPostprocessing = 0;
		};
		D71F7E74258582D500AF087A /* Frameworks */ = {
			isa = PBXFrameworksBuildPhase;
			buildActionMask = 2147483647;
			files = (
			);
			runOnlyForDeploymentPostprocessing = 0;
		};
/* End PBXFrameworksBuildPhase section */

/* Begin PBXGroup section */
		D71F7E52258582D400AF087A = {
			isa = PBXGroup;
			children = (
				D7B40C0C259036B100DA7A0F /* README.md */,
				D71F7E5D258582D400AF087A /* Bullseye */,
				D71F7E6F258582D500AF087A /* BullseyeTests */,
				D71F7E7A258582D500AF087A /* BullseyeUITests */,
				D71F7E5C258582D400AF087A /* Products */,
			);
			sourceTree = "<group>";
		};
		D71F7E5C258582D400AF087A /* Products */ = {
			isa = PBXGroup;
			children = (
				D71F7E5B258582D400AF087A /* Bullseye.app */,
				D71F7E6C258582D500AF087A /* BullseyeTests.xctest */,
				D71F7E77258582D500AF087A /* BullseyeUITests.xctest */,
			);
			name = Products;
			sourceTree = "<group>";
		};
		D71F7E5D258582D400AF087A /* Bullseye */ = {
			isa = PBXGroup;
			children = (
				D7CE9FCD258EA847004A44D4 /* App */,
				D7CE9FCE258EA84D004A44D4 /* Views */,
				D7CE9FD2258EA89C004A44D4 /* Models */,
				D71F7E64258582D500AF087A /* Preview Content */,
			);
			path = Bullseye;
			sourceTree = "<group>";
		};
		D71F7E64258582D500AF087A /* Preview Content */ = {
			isa = PBXGroup;
			children = (
				D71F7E65258582D500AF087A /* Preview Assets.xcassets */,
			);
			path = "Preview Content";
			sourceTree = "<group>";
		};
		D71F7E6F258582D500AF087A /* BullseyeTests */ = {
			isa = PBXGroup;
			children = (
				D71F7E70258582D500AF087A /* BullseyeTests.swift */,
				D71F7E72258582D500AF087A /* Info.plist */,
			);
			path = BullseyeTests;
			sourceTree = "<group>";
		};
		D71F7E7A258582D500AF087A /* BullseyeUITests */ = {
			isa = PBXGroup;
			children = (
				D71F7E7B258582D500AF087A /* BullseyeUITests.swift */,
				D71F7E7D258582D500AF087A /* Info.plist */,
			);
			path = BullseyeUITests;
			sourceTree = "<group>";
		};
		D7CE9FCD258EA847004A44D4 /* App */ = {
			isa = PBXGroup;
			children = (
				D71F7E5E258582D400AF087A /* BullseyeApp.swift */,
				D71F7E67258582D500AF087A /* Info.plist */,
				D71F7E62258582D500AF087A /* Assets.xcassets */,
			);
			path = App;
			sourceTree = "<group>";
		};
		D7CE9FCE258EA84D004A44D4 /* Views */ = {
			isa = PBXGroup;
			children = (
				D71F7E60258582D400AF087A /* ContentView.swift */,
				D7B40C132590459000DA7A0F /* TextViews.swift */,
				D74CF3F22592A4C30016CB76 /* Shapes.swift */,
				D74CF3F72592AAAC0016CB76 /* RoundedViews.swift */,
			);
			path = Views;
			sourceTree = "<group>";
		};
		D7CE9FD2258EA89C004A44D4 /* Models */ = {
			isa = PBXGroup;
			children = (
				D7CE9FD3258EA8C4004A44D4 /* Game.swift */,
			);
			path = Models;
			sourceTree = "<group>";
		};
/* End PBXGroup section */

/* Begin PBXNativeTarget section */
		D71F7E5A258582D400AF087A /* Bullseye */ = {
			isa = PBXNativeTarget;
			buildConfigurationList = D71F7E80258582D500AF087A /* Build configuration list for PBXNativeTarget "Bullseye" */;
			buildPhases = (
				D71F7E57258582D400AF087A /* Sources */,
				D71F7E58258582D400AF087A /* Frameworks */,
				D71F7E59258582D400AF087A /* Resources */,
			);
			buildRules = (
			);
			dependencies = (
			);
			name = Bullseye;
			productName = Bullseye;
			productReference = D71F7E5B258582D400AF087A /* Bullseye.app */;
			productType = "com.apple.product-type.application";
		};
		D71F7E6B258582D500AF087A /* BullseyeTests */ = {
			isa = PBXNativeTarget;
			buildConfigurationList = D71F7E83258582D500AF087A /* Build configuration list for PBXNativeTarget "BullseyeTests" */;
			buildPhases = (
				D71F7E68258582D500AF087A /* Sources */,
				D71F7E69258582D500AF087A /* Frameworks */,
				D71F7E6A258582D500AF087A /* Resources */,
			);
			buildRules = (
			);
			dependencies = (
				D71F7E6E258582D500AF087A /* PBXTargetDependency */,
			);
			name = BullseyeTests;
			productName = BullseyeTests;
			productReference = D71F7E6C258582D500AF087A /* BullseyeTests.xctest */;
			productType = "com.apple.product-type.bundle.unit-test";
		};
		D71F7E76258582D500AF087A /* BullseyeUITests */ = {
			isa = PBXNativeTarget;
			buildConfigurationList = D71F7E86258582D500AF087A /* Build configuration list for PBXNativeTarget "BullseyeUITests" */;
			buildPhases = (
				D71F7E73258582D500AF087A /* Sources */,
				D71F7E74258582D500AF087A /* Frameworks */,
				D71F7E75258582D500AF087A /* Resources */,
			);
			buildRules = (
			);
			dependencies = (
				D71F7E79258582D500AF087A /* PBXTargetDependency */,
			);
			name = BullseyeUITests;
			productName = BullseyeUITests;
			productReference = D71F7E77258582D500AF087A /* BullseyeUITests.xctest */;
			productType = "com.apple.product-type.bundle.ui-testing";
		};
/* End PBXNativeTarget section */

/* Begin PBXProject section */
		D71F7E53258582D400AF087A /* Project object */ = {
			isa = PBXProject;
			attributes = {
				LastSwiftUpdateCheck = 1220;
				LastUpgradeCheck = 1220;
				TargetAttributes = {
					D71F7E5A258582D400AF087A = {
						CreatedOnToolsVersion = 12.2;
					};
					D71F7E6B258582D500AF087A = {
						CreatedOnToolsVersion = 12.2;
						TestTargetID = D71F7E5A258582D400AF087A;
					};
					D71F7E76258582D500AF087A = {
						CreatedOnToolsVersion = 12.2;
						TestTargetID = D71F7E5A258582D400AF087A;
					};
				};
			};
			buildConfigurationList = D71F7E56258582D400AF087A /* Build configuration list for PBXProject "Bullseye" */;
			compatibilityVersion = "Xcode 9.3";
			developmentRegion = en;
			hasScannedForEncodings = 0;
			knownRegions = (
				en,
				Base,
			);
			mainGroup = D71F7E52258582D400AF087A;
			productRefGroup = D71F7E5C258582D400AF087A /* Products */;
			projectDirPath = "";
			projectRoot = "";
			targets = (
				D71F7E5A258582D400AF087A /* Bullseye */,
				D71F7E6B258582D500AF087A /* BullseyeTests */,
				D71F7E76258582D500AF087A /* BullseyeUITests */,
			);
		};
/* End PBXProject section */

/* Begin PBXResourcesBuildPhase section */
		D71F7E59258582D400AF087A /* Resources */ = {
			isa = PBXResourcesBuildPhase;
			buildActionMask = 2147483647;
			files = (
				D71F7E66258582D500AF087A /* Preview Assets.xcassets in Resources */,
				D71F7E63258582D500AF087A /* Assets.xcassets in Resources */,
			);
			runOnlyForDeploymentPostprocessing = 0;
		};
		D71F7E6A258582D500AF087A /* Resources */ = {
			isa = PBXResourcesBuildPhase;
			buildActionMask = 2147483647;
			files = (
			);
			runOnlyForDeploymentPostprocessing = 0;
		};
		D71F7E75258582D500AF087A /* Resources */ = {
			isa = PBXResourcesBuildPhase;
			buildActionMask = 2147483647;
			files = (
			);
			runOnlyForDeploymentPostprocessing = 0;
		};
/* End PBXResourcesBuildPhase section */

/* Begin PBXSourcesBuildPhase section */
		D71F7E57258582D400AF087A /* Sources */ = {
			isa = PBXSourcesBuildPhase;
			buildActionMask = 2147483647;
			files = (
				D74CF3F82592AAAC0016CB76 /* RoundedViews.swift in Sources */,
				D71F7E61258582D400AF087A /* ContentView.swift in Sources */,
				D7B40C142590459000DA7A0F /* TextViews.swift in Sources */,
				D74CF3F32592A4C30016CB76 /* Shapes.swift in Sources */,
				D7CE9FD4258EA8C4004A44D4 /* Game.swift in Sources */,
				D71F7E5F258582D400AF087A /* BullseyeApp.swift in Sources */,
			);
			runOnlyForDeploymentPostprocessing = 0;
		};
		D71F7E68258582D500AF087A /* Sources */ = {
			isa = PBXSourcesBuildPhase;
			buildActionMask = 2147483647;
			files = (
				D71F7E71258582D500AF087A /* BullseyeTests.swift in Sources */,
			);
			runOnlyForDeploymentPostprocessing = 0;
		};
		D71F7E73258582D500AF087A /* Sources */ = {
			isa = PBXSourcesBuildPhase;
			buildActionMask = 2147483647;
			files = (
				D71F7E7C258582D500AF087A /* BullseyeUITests.swift in Sources */,
			);
			runOnlyForDeploymentPostprocessing = 0;
		};
/* End PBXSourcesBuildPhase section */

/* Begin PBXTargetDependency section */
		D71F7E6E258582D500AF087A /* PBXTargetDependency */ = {
			isa = PBXTargetDependency;
			target = D71F7E5A258582D400AF087A /* Bullseye */;
			targetProxy = D71F7E6D258582D500AF087A /* PBXContainerItemProxy */;
		};
		D71F7E79258582D500AF087A /* PBXTargetDependency */ = {
			isa = PBXTargetDependency;
			target = D71F7E5A258582D400AF087A /* Bullseye */;
			targetProxy = D71F7E78258582D500AF087A /* PBXContainerItemProxy */;
		};
/* End PBXTargetDependency section */

/* Begin XCBuildConfiguration section */
		D71F7E7E258582D500AF087A /* Debug */ = {
			isa = XCBuildConfiguration;
			buildSettings = {
				ALWAYS_SEARCH_USER_PATHS = NO;
				CLANG_ANALYZER_NONNULL = YES;
				CLANG_ANALYZER_NUMBER_OBJECT_CONVERSION = YES_AGGRESSIVE;
				CLANG_CXX_LANGUAGE_STANDARD = "gnu++14";
				CLANG_CXX_LIBRARY = "libc++";
				CLANG_ENABLE_MODULES = YES;
				CLANG_ENABLE_OBJC_ARC = YES;
				CLANG_ENABLE_OBJC_WEAK = YES;
				CLANG_WARN_BLOCK_CAPTURE_AUTORELEASING = YES;
				CLANG_WARN_BOOL_CONVERSION = YES;
				CLANG_WARN_COMMA = YES;
				CLANG_WARN_CONSTANT_CONVERSION = YES;
				CLANG_WARN_DEPRECATED_OBJC_IMPLEMENTATIONS = YES;
				CLANG_WARN_DIRECT_OBJC_ISA_USAGE = YES_ERROR;
				CLANG_WARN_DOCUMENTATION_COMMENTS = YES;
				CLANG_WARN_EMPTY_BODY = YES;
				CLANG_WARN_ENUM_CONVERSION = YES;
				CLANG_WARN_INFINITE_RECURSION = YES;
				CLANG_WARN_INT_CONVERSION = YES;
				CLANG_WARN_NON_LITERAL_NULL_CONVERSION = YES;
				CLANG_WARN_OBJC_IMPLICIT_RETAIN_SELF = YES;
				CLANG_WARN_OBJC_LITERAL_CONVERSION = YES;
				CLANG_WARN_OBJC_ROOT_CLASS = YES_ERROR;
				CLANG_WARN_QUOTED_INCLUDE_IN_FRAMEWORK_HEADER = YES;
				CLANG_WARN_RANGE_LOOP_ANALYSIS = YES;
				CLANG_WARN_STRICT_PROTOTYPES = YES;
				CLANG_WARN_SUSPICIOUS_MOVE = YES;
				CLANG_WARN_UNGUARDED_AVAILABILITY = YES_AGGRESSIVE;
				CLANG_WARN_UNREACHABLE_CODE = YES;
				CLANG_WARN__DUPLICATE_METHOD_MATCH = YES;
				COPY_PHASE_STRIP = NO;
				DEBUG_INFORMATION_FORMAT = dwarf;
				ENABLE_STRICT_OBJC_MSGSEND = YES;
				ENABLE_TESTABILITY = YES;
				GCC_C_LANGUAGE_STANDARD = gnu11;
				GCC_DYNAMIC_NO_PIC = NO;
				GCC_NO_COMMON_BLOCKS = YES;
				GCC_OPTIMIZATION_LEVEL = 0;
				GCC_PREPROCESSOR_DEFINITIONS = (
					"DEBUG=1",
					"$(inherited)",
				);
				GCC_WARN_64_TO_32_BIT_CONVERSION = YES;
				GCC_WARN_ABOUT_RETURN_TYPE = YES_ERROR;
				GCC_WARN_UNDECLARED_SELECTOR = YES;
				GCC_WARN_UNINITIALIZED_AUTOS = YES_AGGRESSIVE;
				GCC_WARN_UNUSED_FUNCTION = YES;
				GCC_WARN_UNUSED_VARIABLE = YES;
				IPHONEOS_DEPLOYMENT_TARGET = 14.2;
				MTL_ENABLE_DEBUG_INFO = INCLUDE_SOURCE;
				MTL_FAST_MATH = YES;
				ONLY_ACTIVE_ARCH = YES;
				SDKROOT = iphoneos;
				SWIFT_ACTIVE_COMPILATION_CONDITIONS = DEBUG;
				SWIFT_OPTIMIZATION_LEVEL = "-Onone";
			};
			name = Debug;
		};
		D71F7E7F258582D500AF087A /* Release */ = {
			isa = XCBuildConfiguration;
			buildSettings = {
				ALWAYS_SEARCH_USER_PATHS = NO;
				CLANG_ANALYZER_NONNULL = YES;
				CLANG_ANALYZER_NUMBER_OBJECT_CONVERSION = YES_AGGRESSIVE;
				CLANG_CXX_LANGUAGE_STANDARD = "gnu++14";
				CLANG_CXX_LIBRARY = "libc++";
				CLANG_ENABLE_MODULES = YES;
				CLANG_ENABLE_OBJC_ARC = YES;
				CLANG_ENABLE_OBJC_WEAK = YES;
				CLANG_WARN_BLOCK_CAPTURE_AUTORELEASING = YES;
				CLANG_WARN_BOOL_CONVERSION = YES;
				CLANG_WARN_COMMA = YES;
				CLANG_WARN_CONSTANT_CONVERSION = YES;
				CLANG_WARN_DEPRECATED_OBJC_IMPLEMENTATIONS = YES;
				CLANG_WARN_DIRECT_OBJC_ISA_USAGE = YES_ERROR;
				CLANG_WARN_DOCUMENTATION_COMMENTS = YES;
				CLANG_WARN_EMPTY_BODY = YES;
				CLANG_WARN_ENUM_CONVERSION = YES;
				CLANG_WARN_INFINITE_RECURSION = YES;
				CLANG_WARN_INT_CONVERSION = YES;
				CLANG_WARN_NON_LITERAL_NULL_CONVERSION = YES;
				CLANG_WARN_OBJC_IMPLICIT_RETAIN_SELF = YES;
				CLANG_WARN_OBJC_LITERAL_CONVERSION = YES;
				CLANG_WARN_OBJC_ROOT_CLASS = YES_ERROR;
				CLANG_WARN_QUOTED_INCLUDE_IN_FRAMEWORK_HEADER = YES;
				CLANG_WARN_RANGE_LOOP_ANALYSIS = YES;
				CLANG_WARN_STRICT_PROTOTYPES = YES;
				CLANG_WARN_SUSPICIOUS_MOVE = YES;
				CLANG_WARN_UNGUARDED_AVAILABILITY = YES_AGGRESSIVE;
				CLANG_WARN_UNREACHABLE_CODE = YES;
				CLANG_WARN__DUPLICATE_METHOD_MATCH = YES;
				COPY_PHASE_STRIP = NO;
				DEBUG_INFORMATION_FORMAT = "dwarf-with-dsym";
				ENABLE_NS_ASSERTIONS = NO;
				ENABLE_STRICT_OBJC_MSGSEND = YES;
				GCC_C_LANGUAGE_STANDARD = gnu11;
				GCC_NO_COMMON_BLOCKS = YES;
				GCC_WARN_64_TO_32_BIT_CONVERSION = YES;
				GCC_WARN_ABOUT_RETURN_TYPE = YES_ERROR;
				GCC_WARN_UNDECLARED_SELECTOR = YES;
				GCC_WARN_UNINITIALIZED_AUTOS = YES_AGGRESSIVE;
				GCC_WARN_UNUSED_FUNCTION = YES;
				GCC_WARN_UNUSED_VARIABLE = YES;
				IPHONEOS_DEPLOYMENT_TARGET = 14.2;
				MTL_ENABLE_DEBUG_INFO = NO;
				MTL_FAST_MATH = YES;
				SDKROOT = iphoneos;
				SWIFT_COMPILATION_MODE = wholemodule;
				SWIFT_OPTIMIZATION_LEVEL = "-O";
				VALIDATE_PRODUCT = YES;
			};
			name = Release;
		};
		D71F7E81258582D500AF087A /* Debug */ = {
			isa = XCBuildConfiguration;
			buildSettings = {
				ASSETCATALOG_COMPILER_APPICON_NAME = AppIcon;
				ASSETCATALOG_COMPILER_GLOBAL_ACCENT_COLOR_NAME = AccentColor;
				CODE_SIGN_STYLE = Automatic;
				DEVELOPMENT_ASSET_PATHS = "\"Bullseye/Preview Content\"";
				DEVELOPMENT_TEAM = 5AHAK9UL8B;
				ENABLE_PREVIEWS = YES;
				INFOPLIST_FILE = Bullseye/App/Info.plist;
				IPHONEOS_DEPLOYMENT_TARGET = 14.0;
				LD_RUNPATH_SEARCH_PATHS = (
					"$(inherited)",
					"@executable_path/Frameworks",
				);
				PRODUCT_BUNDLE_IDENTIFIER = systems.llau.Bullseye;
				PRODUCT_NAME = "$(TARGET_NAME)";
				SWIFT_VERSION = 5.0;
				TARGETED_DEVICE_FAMILY = "1,2";
			};
			name = Debug;
		};
		D71F7E82258582D500AF087A /* Release */ = {
			isa = XCBuildConfiguration;
			buildSettings = {
				ASSETCATALOG_COMPILER_APPICON_NAME = AppIcon;
				ASSETCATALOG_COMPILER_GLOBAL_ACCENT_COLOR_NAME = AccentColor;
				CODE_SIGN_STYLE = Automatic;
				DEVELOPMENT_ASSET_PATHS = "\"Bullseye/Preview Content\"";
				DEVELOPMENT_TEAM = 5AHAK9UL8B;
				ENABLE_PREVIEWS = YES;
				INFOPLIST_FILE = Bullseye/App/Info.plist;
				IPHONEOS_DEPLOYMENT_TARGET = 14.0;
				LD_RUNPATH_SEARCH_PATHS = (
					"$(inherited)",
					"@executable_path/Frameworks",
				);
				PRODUCT_BUNDLE_IDENTIFIER = systems.llau.Bullseye;
				PRODUCT_NAME = "$(TARGET_NAME)";
				SWIFT_VERSION = 5.0;
				TARGETED_DEVICE_FAMILY = "1,2";
			};
			name = Release;
		};
		D71F7E84258582D500AF087A /* Debug */ = {
			isa = XCBuildConfiguration;
			buildSettings = {
				ALWAYS_EMBED_SWIFT_STANDARD_LIBRARIES = YES;
				BUNDLE_LOADER = "$(TEST_HOST)";
				CODE_SIGN_STYLE = Automatic;
				DEVELOPMENT_TEAM = 5AHAK9UL8B;
				INFOPLIST_FILE = BullseyeTests/Info.plist;
				IPHONEOS_DEPLOYMENT_TARGET = 14.0;
				LD_RUNPATH_SEARCH_PATHS = (
					"$(inherited)",
					"@executable_path/Frameworks",
					"@loader_path/Frameworks",
				);
				PRODUCT_BUNDLE_IDENTIFIER = systems.llau.BullseyeTests;
				PRODUCT_NAME = "$(TARGET_NAME)";
				SWIFT_VERSION = 5.0;
				TARGETED_DEVICE_FAMILY = "1,2";
				TEST_HOST = "$(BUILT_PRODUCTS_DIR)/Bullseye.app/Bullseye";
			};
			name = Debug;
		};
		D71F7E85258582D500AF087A /* Release */ = {
			isa = XCBuildConfiguration;
			buildSettings = {
				ALWAYS_EMBED_SWIFT_STANDARD_LIBRARIES = YES;
				BUNDLE_LOADER = "$(TEST_HOST)";
				CODE_SIGN_STYLE = Automatic;
				DEVELOPMENT_TEAM = 5AHAK9UL8B;
				INFOPLIST_FILE = BullseyeTests/Info.plist;
				IPHONEOS_DEPLOYMENT_TARGET = 14.0;
				LD_RUNPATH_SEARCH_PATHS = (
					"$(inherited)",
					"@executable_path/Frameworks",
					"@loader_path/Frameworks",
				);
				PRODUCT_BUNDLE_IDENTIFIER = systems.llau.BullseyeTests;
				PRODUCT_NAME = "$(TARGET_NAME)";
				SWIFT_VERSION = 5.0;
				TARGETED_DEVICE_FAMILY = "1,2";
				TEST_HOST = "$(BUILT_PRODUCTS_DIR)/Bullseye.app/Bullseye";
			};
			name = Release;
		};
		D71F7E87258582D500AF087A /* Debug */ = {
			isa = XCBuildConfiguration;
			buildSettings = {
				ALWAYS_EMBED_SWIFT_STANDARD_LIBRARIES = YES;
				CODE_SIGN_STYLE = Automatic;
				DEVELOPMENT_TEAM = 5AHAK9UL8B;
				INFOPLIST_FILE = BullseyeUITests/Info.plist;
				LD_RUNPATH_SEARCH_PATHS = (
					"$(inherited)",
					"@executable_path/Frameworks",
					"@loader_path/Frameworks",
				);
				PRODUCT_BUNDLE_IDENTIFIER = systems.llau.BullseyeUITests;
				PRODUCT_NAME = "$(TARGET_NAME)";
				SWIFT_VERSION = 5.0;
				TARGETED_DEVICE_FAMILY = "1,2";
				TEST_TARGET_NAME = Bullseye;
			};
			name = Debug;
		};
		D71F7E88258582D500AF087A /* Release */ = {
			isa = XCBuildConfiguration;
			buildSettings = {
				ALWAYS_EMBED_SWIFT_STANDARD_LIBRARIES = YES;
				CODE_SIGN_STYLE = Automatic;
				DEVELOPMENT_TEAM = 5AHAK9UL8B;
				INFOPLIST_FILE = BullseyeUITests/Info.plist;
				LD_RUNPATH_SEARCH_PATHS = (
					"$(inherited)",
					"@executable_path/Frameworks",
					"@loader_path/Frameworks",
				);
				PRODUCT_BUNDLE_IDENTIFIER = systems.llau.BullseyeUITests;
				PRODUCT_NAME = "$(TARGET_NAME)";
				SWIFT_VERSION = 5.0;
				TARGETED_DEVICE_FAMILY = "1,2";
				TEST_TARGET_NAME = Bullseye;
			};
			name = Release;
		};
/* End XCBuildConfiguration section */

/* Begin XCConfigurationList section */
		D71F7E56258582D400AF087A /* Build configuration list for PBXProject "Bullseye" */ = {
			isa = XCConfigurationList;
			buildConfigurations = (
				D71F7E7E258582D500AF087A /* Debug */,
				D71F7E7F258582D500AF087A /* Release */,
			);
			defaultConfigurationIsVisible = 0;
			defaultConfigurationName = Release;
		};
		D71F7E80258582D500AF087A /* Build configuration list for PBXNativeTarget "Bullseye" */ = {
			isa = XCConfigurationList;
			buildConfigurations = (
				D71F7E81258582D500AF087A /* Debug */,
				D71F7E82258582D500AF087A /* Release */,
			);
			defaultConfigurationIsVisible = 0;
			defaultConfigurationName = Release;
		};
		D71F7E83258582D500AF087A /* Build configuration list for PBXNativeTarget "BullseyeTests" */ = {
			isa = XCConfigurationList;
			buildConfigurations = (
				D71F7E84258582D500AF087A /* Debug */,
				D71F7E85258582D500AF087A /* Release */,
			);
			defaultConfigurationIsVisible = 0;
			defaultConfigurationName = Release;
		};
		D71F7E86258582D500AF087A /* Build configuration list for PBXNativeTarget "BullseyeUITests" */ = {
			isa = XCConfigurationList;
			buildConfigurations = (
				D71F7E87258582D500AF087A /* Debug */,
				D71F7E88258582D500AF087A /* Release */,
			);
			defaultConfigurationIsVisible = 0;
			defaultConfigurationName = Release;
		};
/* End XCConfigurationList section */
	};
	rootObject = D71F7E53258582D400AF087A /* Project object */;
}
